schema: '2.0'
stages:
  data_ingestion:
    cmd: python src/data/data_ingestion.py
    deps:
    - path: src/data/data_ingestion.py
      hash: md5
      md5: 5a7222d9672e48b400ac5c7f46f210f0
      size: 3543
    params:
      params.yaml:
        data_ingestion.test_size: 0.2
    outs:
    - path: data/raw
      hash: md5
      md5: e85564ff248f744526ea701d38cd947a.dir
      size: 633665
      nfiles: 2
  data_preprocessing:
    cmd: python src/data/data_preprocessing.py
    deps:
    - path: data/raw
      hash: md5
      md5: e85564ff248f744526ea701d38cd947a.dir
      size: 633665
      nfiles: 2
    - path: src/data/data_preprocessing.py
      hash: md5
      md5: 87ab4256ce6207910236be9b10f1bc8b
      size: 2920
    outs:
    - path: data/interim
      hash: md5
      md5: a83efcef5fbfdcb659d8f8979f3cf885.dir
      size: 390733
      nfiles: 2
  feature_engineering:
    cmd: python src/features/feature_engineering.py
    deps:
    - path: data/interim
      hash: md5
      md5: a83efcef5fbfdcb659d8f8979f3cf885.dir
      size: 390733
      nfiles: 2
    - path: src/features/feature_engineering.py
      hash: md5
      md5: bc7858867e317285999f31b50244bd28
      size: 3461
    params:
      params.yaml:
        feature_engineering.max_features: 47
    outs:
    - path: data/processed
      hash: md5
      md5: 3b317d98ea3af641f3a8138038b85c03.dir
      size: 48370
      nfiles: 2
    - path: models/vectorizer.pkl
      hash: md5
      md5: 196acd6f3d3d614761cd507c01f8b4f0
      size: 1779
  model_building:
    cmd: python src/model/model_building.py
    deps:
    - path: data/processed
      hash: md5
      md5: 3b317d98ea3af641f3a8138038b85c03.dir
      size: 48370
      nfiles: 2
    - path: src/model/model_building.py
      hash: md5
      md5: f1d384a9ab5030cfac8a7576d1931b3d
      size: 1929
    outs:
    - path: models/model.pkl
      hash: md5
      md5: 7f5db28475cef828408719cd6947fae6
      size: 1090
  model_evaluation:
    cmd: python src/model/model_evaluation.py
    deps:
    - path: data/raw
      hash: md5
      md5: e85564ff248f744526ea701d38cd947a.dir
      size: 633665
      nfiles: 2
    - path: models/model.pkl
      hash: md5
      md5: 7f5db28475cef828408719cd6947fae6
      size: 1090
    - path: src/model/model_evaluation.py
      hash: md5
      md5: 9c4ea3adfe65465e26ef0688435385be
      size: 5622
    outs:
    - path: reports/experiment_info.json
      hash: md5
      md5: 423aa8887a0e1c1a8ad5ea28283198d7
      size: 79
    - path: reports/metrics.json
      hash: md5
      md5: d41aae400313d9398a2e700073861197
      size: 100
  model_registration:
    cmd: python src/model/register_model.py
    deps:
    - path: reports/experiment_info.json
      hash: md5
      md5: 423aa8887a0e1c1a8ad5ea28283198d7
      size: 79
    - path: src/model/register_model.py
      hash: md5
      md5: 34e330bb0e7040e7c7b0d7d4bac66796
      size: 3158
