schema: '2.0'
stages:
  data_ingestion:
    cmd: python src/data/data_ingestion.py
    deps:
    - path: src/data/data_ingestion.py
      hash: md5
      md5: c5188f37f92f4b1282d0ea189876e80a
      size: 2994
    params:
      params.yaml:
        data_ingestion.test_size: 0.2
    outs:
    - path: data/raw
      hash: md5
      md5: e85564ff248f744526ea701d38cd947a.dir
      size: 633665
      nfiles: 2
  data_preprocessing:
    cmd: python src/data/data_preprocessing.py
    deps:
    - path: data/raw
      hash: md5
      md5: e85564ff248f744526ea701d38cd947a.dir
      size: 633665
      nfiles: 2
    - path: src/data/data_preprocessing.py
      hash: md5
      md5: 0cb2100046bfca48fbf2270f04baac33
      size: 2487
    outs:
    - path: data/interim
      hash: md5
      md5: a83efcef5fbfdcb659d8f8979f3cf885.dir
      size: 390733
      nfiles: 2
  feature_engineering:
    cmd: python src/features/feature_engineering.py
    deps:
    - path: data/interim
      hash: md5
      md5: a83efcef5fbfdcb659d8f8979f3cf885.dir
      size: 390733
      nfiles: 2
    - path: src/features/feature_engineering.py
      hash: md5
      md5: d1b6cc3f56c819212fd21e603763fbcb
      size: 3176
    params:
      params.yaml:
        feature_engineering.max_features: 1000
    outs:
    - path: data/processed
      hash: md5
      md5: e1cd99b2de8a25e97580a2b7d8135b1b.dir
      size: 1008912
      nfiles: 2
    - path: models/vectorizer.pkl
      hash: md5
      md5: 8de980db8d5ec82f67750958bad03296
      size: 28235
  model_building:
    cmd: python src/model/model_building.py
    deps:
    - path: data/processed
      hash: md5
      md5: e1cd99b2de8a25e97580a2b7d8135b1b.dir
      size: 1008912
      nfiles: 2
    - path: src/model/model_building.py
      hash: md5
      md5: f1d384a9ab5030cfac8a7576d1931b3d
      size: 1929
    outs:
    - path: models/model.pkl
      hash: md5
      md5: 462e2008cdaf37d098925fd2c657515f
      size: 8716
  model_evaluation:
    cmd: python src/model/model_evaluation.py
    deps:
    - path: data/raw
      hash: md5
      md5: e85564ff248f744526ea701d38cd947a.dir
      size: 633665
      nfiles: 2
    - path: models/model.pkl
      hash: md5
      md5: b91fcdd9df472bbf47672c4d301d8e87
      size: 8716
    - path: src/model/model_evaluation.py
      hash: md5
      md5: a4d9543dc93634e16c36b99ae844caa0
      size: 5177
    outs:
    - path: reports/experiment_info.json
      hash: md5
      md5: 9bf1e86f589fd2dbd80fbf5981961f47
      size: 79
    - path: reports/metrics.json
      hash: md5
      md5: 2241797afa9d182fde47ecea8596ea76
      size: 99
  model_registration:
    cmd: python src/model/register_model.py
    deps:
    - path: reports/experiment_info.json
      hash: md5
      md5: 9bf1e86f589fd2dbd80fbf5981961f47
      size: 79
    - path: src/model/register_model.py
      hash: md5
      md5: 31c156377fc6de8b720484ac617f71cb
      size: 3081
